
Microsoft Visual Studio Solution File, Format Version 12.00
# Visual Studio Version 17
VisualStudioVersion = 17.13.35931.197
MinimumVisualStudioVersion = 10.0.40219.1
Project("{54A90642-561A-4BB1-A94E-469ADEE60C69}") = "SchoolChessClub.Angular", "SchoolChessClub.Angular\SchoolChessClub.Angular.esproj", "{8F9E1053-F1B4-AF14-FCD6-E40BA97D79C2}"
EndProject
Project("{FAE04EC0-301F-11D3-BF4B-00C04F79EFBC}") = "SchoolChessClub.WebApi", "SchoolChessClub.WebApi\SchoolChessClub.WebApi.csproj", "{47320F8C-89A6-38B6-8197-3B80A6B79842}"
EndProject
Project("{FAE04EC0-301F-11D3-BF4B-00C04F79EFBC}") = "SchoolChessClub.BusinessModel", "SchoolChessClub.BusinessModel\SchoolChessClub.BusinessModel.csproj", "{D67886F1-68C3-4E8F-81FC-780F5B98E8A6}"
EndProject
Project("{FAE04EC0-301F-11D3-BF4B-00C04F79EFBC}") = "SchoolChessClub.System", "SchoolChessClub.System\SchoolChessClub.System.csproj", "{7A821126-10F4-4B7D-B9D2-38F27FD5D0DE}"
EndProject
Project("{FAE04EC0-301F-11D3-BF4B-00C04F79EFBC}") = "SchoolChessClub.System.Interface", "SchoolChessClub.SystemInterface\SchoolChessClub.System.Interface.csproj", "{14CED84F-02E6-4F22-A7C9-A192C603617B}"
EndProject
Project("{FAE04EC0-301F-11D3-BF4B-00C04F79EFBC}") = "SchoolChessClub.System.Test", "SchoolChessClub.System.Test\SchoolChessClub.System.Test.csproj", "{625A1F0D-F5EA-4A42-B7C4-E3530C97A8D6}"
EndProject
Project("{FAE04EC0-301F-11D3-BF4B-00C04F79EFBC}") = "SchoolChessClub.DTO", "SchoolChessClub.DTO\SchoolChessClub.DTO.csproj", "{A3668993-0AD8-4B45-AE4F-7691150FD4EC}"
EndProject
Global
	GlobalSection(SolutionConfigurationPlatforms) = preSolution
		Debug|Any CPU = Debug|Any CPU
		Release|Any CPU = Release|Any CPU
	EndGlobalSection
	GlobalSection(ProjectConfigurationPlatforms) = postSolution
		{8F9E1053-F1B4-AF14-FCD6-E40BA97D79C2}.Debug|Any CPU.ActiveCfg = Debug|Any CPU
		{8F9E1053-F1B4-AF14-FCD6-E40BA97D79C2}.Debug|Any CPU.Build.0 = Debug|Any CPU
		{8F9E1053-F1B4-AF14-FCD6-E40BA97D79C2}.Debug|Any CPU.Deploy.0 = Debug|Any CPU
		{8F9E1053-F1B4-AF14-FCD6-E40BA97D79C2}.Release|Any CPU.ActiveCfg = Release|Any CPU
		{8F9E1053-F1B4-AF14-FCD6-E40BA97D79C2}.Release|Any CPU.Build.0 = Release|Any CPU
		{8F9E1053-F1B4-AF14-FCD6-E40BA97D79C2}.Release|Any CPU.Deploy.0 = Release|Any CPU
		{47320F8C-89A6-38B6-8197-3B80A6B79842}.Debug|Any CPU.ActiveCfg = Debug|Any CPU
		{47320F8C-89A6-38B6-8197-3B80A6B79842}.Debug|Any CPU.Build.0 = Debug|Any CPU
		{47320F8C-89A6-38B6-8197-3B80A6B79842}.Release|Any CPU.ActiveCfg = Release|Any CPU
		{47320F8C-89A6-38B6-8197-3B80A6B79842}.Release|Any CPU.Build.0 = Release|Any CPU
		{D67886F1-68C3-4E8F-81FC-780F5B98E8A6}.Debug|Any CPU.ActiveCfg = Debug|Any CPU
		{D67886F1-68C3-4E8F-81FC-780F5B98E8A6}.Debug|Any CPU.Build.0 = Debug|Any CPU
		{D67886F1-68C3-4E8F-81FC-780F5B98E8A6}.Release|Any CPU.ActiveCfg = Release|Any CPU
		{D67886F1-68C3-4E8F-81FC-780F5B98E8A6}.Release|Any CPU.Build.0 = Release|Any CPU
		{7A821126-10F4-4B7D-B9D2-38F27FD5D0DE}.Debug|Any CPU.ActiveCfg = Debug|Any CPU
		{7A821126-10F4-4B7D-B9D2-38F27FD5D0DE}.Debug|Any CPU.Build.0 = Debug|Any CPU
		{7A821126-10F4-4B7D-B9D2-38F27FD5D0DE}.Release|Any CPU.ActiveCfg = Release|Any CPU
		{7A821126-10F4-4B7D-B9D2-38F27FD5D0DE}.Release|Any CPU.Build.0 = Release|Any CPU
		{14CED84F-02E6-4F22-A7C9-A192C603617B}.Debug|Any CPU.ActiveCfg = Debug|Any CPU
		{14CED84F-02E6-4F22-A7C9-A192C603617B}.Debug|Any CPU.Build.0 = Debug|Any CPU
		{14CED84F-02E6-4F22-A7C9-A192C603617B}.Release|Any CPU.ActiveCfg = Release|Any CPU
		{14CED84F-02E6-4F22-A7C9-A192C603617B}.Release|Any CPU.Build.0 = Release|Any CPU
		{625A1F0D-F5EA-4A42-B7C4-E3530C97A8D6}.Debug|Any CPU.ActiveCfg = Debug|Any CPU
		{625A1F0D-F5EA-4A42-B7C4-E3530C97A8D6}.Debug|Any CPU.Build.0 = Debug|Any CPU
		{625A1F0D-F5EA-4A42-B7C4-E3530C97A8D6}.Release|Any CPU.ActiveCfg = Release|Any CPU
		{625A1F0D-F5EA-4A42-B7C4-E3530C97A8D6}.Release|Any CPU.Build.0 = Release|Any CPU
		{A3668993-0AD8-4B45-AE4F-7691150FD4EC}.Debug|Any CPU.ActiveCfg = Debug|Any CPU
		{A3668993-0AD8-4B45-AE4F-7691150FD4EC}.Debug|Any CPU.Build.0 = Debug|Any CPU
		{A3668993-0AD8-4B45-AE4F-7691150FD4EC}.Release|Any CPU.ActiveCfg = Release|Any CPU
		{A3668993-0AD8-4B45-AE4F-7691150FD4EC}.Release|Any CPU.Build.0 = Release|Any CPU
	EndGlobalSection
	GlobalSection(SolutionProperties) = preSolution
		HideSolutionNode = FALSE
	EndGlobalSection
	GlobalSection(ExtensibilityGlobals) = postSolution
		SolutionGuid = {216A9D65-9885-4B2B-80D6-AFA95F4C6A4E}
	EndGlobalSection
EndGlobal
